// !$*UTF8*$!
{
	archiveVersion = 1;
	classes = {
	};
	objectVersion = 56;
	objects = {

/* Begin PBXBuildFile section */
		44B446EA2ACDC0CF00CFE686 /* ImageView+Ext.swift in Sources */ = {isa = PBXBuildFile; fileRef = 44B446E92ACDC0CF00CFE686 /* ImageView+Ext.swift */; };
		44E058A52AC99863009C944F /* AppDelegate.swift in Sources */ = {isa = PBXBuildFile; fileRef = 44E058A42AC99863009C944F /* AppDelegate.swift */; };
		44E058A72AC99863009C944F /* SceneDelegate.swift in Sources */ = {isa = PBXBuildFile; fileRef = 44E058A62AC99863009C944F /* SceneDelegate.swift */; };
		44E058A92AC99863009C944F /* PokemonViewController.swift in Sources */ = {isa = PBXBuildFile; fileRef = 44E058A82AC99863009C944F /* PokemonViewController.swift */; };
		44E058AE2AC99866009C944F /* Assets.xcassets in Resources */ = {isa = PBXBuildFile; fileRef = 44E058AD2AC99866009C944F /* Assets.xcassets */; };
		44E058B12AC99866009C944F /* LaunchScreen.storyboard in Resources */ = {isa = PBXBuildFile; fileRef = 44E058AF2AC99866009C944F /* LaunchScreen.storyboard */; };
		44E058C42AC99EA8009C944F /* SnapKit in Frameworks */ = {isa = PBXBuildFile; productRef = 44E058C32AC99EA8009C944F /* SnapKit */; };
		44E058C62AC9A18B009C944F /* PokemonCollectionViewCell.swift in Sources */ = {isa = PBXBuildFile; fileRef = 44E058C52AC9A18B009C944F /* PokemonCollectionViewCell.swift */; };
		44E058C82AC9A1D5009C944F /* PokemonViewController+Ext.swift in Sources */ = {isa = PBXBuildFile; fileRef = 44E058C72AC9A1D5009C944F /* PokemonViewController+Ext.swift */; };
		44E058CC2ACA1679009C944F /* PokemonDescriptionViewController.swift in Sources */ = {isa = PBXBuildFile; fileRef = 44E058CB2ACA1679009C944F /* PokemonDescriptionViewController.swift */; };
		44E058ED2ACBE51A009C944F /* AsselderModuleProtocol.swift in Sources */ = {isa = PBXBuildFile; fileRef = 44E058EC2ACBE51A009C944F /* AsselderModuleProtocol.swift */; };
		44E058EF2ACBE5CC009C944F /* Router.swift in Sources */ = {isa = PBXBuildFile; fileRef = 44E058EE2ACBE5CC009C944F /* Router.swift */; };
		44E058F12ACBE6A2009C944F /* MainPokemonData.swift in Sources */ = {isa = PBXBuildFile; fileRef = 44E058F02ACBE6A2009C944F /* MainPokemonData.swift */; };
		44E058F42ACBEC76009C944F /* DescriptionPokemonData.swift in Sources */ = {isa = PBXBuildFile; fileRef = 44E058F32ACBEC76009C944F /* DescriptionPokemonData.swift */; };
		44E058F62ACBEEF6009C944F /* MainPokemonPresenter.swift in Sources */ = {isa = PBXBuildFile; fileRef = 44E058F52ACBEEF6009C944F /* MainPokemonPresenter.swift */; };
		44E058F82ACBEF87009C944F /* NetworkService.swift in Sources */ = {isa = PBXBuildFile; fileRef = 44E058F72ACBEF87009C944F /* NetworkService.swift */; };
		44E058FA2ACBF7AD009C944F /* DescriptionPokemonPresenter.swift in Sources */ = {isa = PBXBuildFile; fileRef = 44E058F92ACBF7AD009C944F /* DescriptionPokemonPresenter.swift */; };
		44E058FC2ACBFADA009C944F /* PokemonDescriptionViewController+Ext.swift in Sources */ = {isa = PBXBuildFile; fileRef = 44E058FB2ACBFADA009C944F /* PokemonDescriptionViewController+Ext.swift */; };
/* End PBXBuildFile section */

/* Begin PBXFileReference section */
		44B446E92ACDC0CF00CFE686 /* ImageView+Ext.swift */ = {isa = PBXFileReference; lastKnownFileType = sourcecode.swift; path = "ImageView+Ext.swift"; sourceTree = "<group>"; };
		44E058A12AC99863009C944F /* PokemonApp.app */ = {isa = PBXFileReference; explicitFileType = wrapper.application; includeInIndex = 0; path = PokemonApp.app; sourceTree = BUILT_PRODUCTS_DIR; };
		44E058A42AC99863009C944F /* AppDelegate.swift */ = {isa = PBXFileReference; lastKnownFileType = sourcecode.swift; path = AppDelegate.swift; sourceTree = "<group>"; };
		44E058A62AC99863009C944F /* SceneDelegate.swift */ = {isa = PBXFileReference; lastKnownFileType = sourcecode.swift; path = SceneDelegate.swift; sourceTree = "<group>"; };
		44E058A82AC99863009C944F /* PokemonViewController.swift */ = {isa = PBXFileReference; lastKnownFileType = sourcecode.swift; path = PokemonViewController.swift; sourceTree = "<group>"; };
		44E058AD2AC99866009C944F /* Assets.xcassets */ = {isa = PBXFileReference; lastKnownFileType = folder.assetcatalog; path = Assets.xcassets; sourceTree = "<group>"; };
		44E058B02AC99866009C944F /* Base */ = {isa = PBXFileReference; lastKnownFileType = file.storyboard; name = Base; path = Base.lproj/LaunchScreen.storyboard; sourceTree = "<group>"; };
		44E058B22AC99866009C944F /* Info.plist */ = {isa = PBXFileReference; lastKnownFileType = text.plist.xml; path = Info.plist; sourceTree = "<group>"; };
		44E058C52AC9A18B009C944F /* PokemonCollectionViewCell.swift */ = {isa = PBXFileReference; lastKnownFileType = sourcecode.swift; path = PokemonCollectionViewCell.swift; sourceTree = "<group>"; };
		44E058C72AC9A1D5009C944F /* PokemonViewController+Ext.swift */ = {isa = PBXFileReference; lastKnownFileType = sourcecode.swift; path = "PokemonViewController+Ext.swift"; sourceTree = "<group>"; };
		44E058CB2ACA1679009C944F /* PokemonDescriptionViewController.swift */ = {isa = PBXFileReference; lastKnownFileType = sourcecode.swift; path = PokemonDescriptionViewController.swift; sourceTree = "<group>"; };
		44E058EC2ACBE51A009C944F /* AsselderModuleProtocol.swift */ = {isa = PBXFileReference; lastKnownFileType = sourcecode.swift; path = AsselderModuleProtocol.swift; sourceTree = "<group>"; };
		44E058EE2ACBE5CC009C944F /* Router.swift */ = {isa = PBXFileReference; lastKnownFileType = sourcecode.swift; path = Router.swift; sourceTree = "<group>"; };
		44E058F02ACBE6A2009C944F /* MainPokemonData.swift */ = {isa = PBXFileReference; lastKnownFileType = sourcecode.swift; path = MainPokemonData.swift; sourceTree = "<group>"; };
		44E058F32ACBEC76009C944F /* DescriptionPokemonData.swift */ = {isa = PBXFileReference; lastKnownFileType = sourcecode.swift; path = DescriptionPokemonData.swift; sourceTree = "<group>"; };
		44E058F52ACBEEF6009C944F /* MainPokemonPresenter.swift */ = {isa = PBXFileReference; lastKnownFileType = sourcecode.swift; path = MainPokemonPresenter.swift; sourceTree = "<group>"; };
		44E058F72ACBEF87009C944F /* NetworkService.swift */ = {isa = PBXFileReference; lastKnownFileType = sourcecode.swift; path = NetworkService.swift; sourceTree = "<group>"; };
		44E058F92ACBF7AD009C944F /* DescriptionPokemonPresenter.swift */ = {isa = PBXFileReference; lastKnownFileType = sourcecode.swift; path = DescriptionPokemonPresenter.swift; sourceTree = "<group>"; };
		44E058FB2ACBFADA009C944F /* PokemonDescriptionViewController+Ext.swift */ = {isa = PBXFileReference; lastKnownFileType = sourcecode.swift; path = "PokemonDescriptionViewController+Ext.swift"; sourceTree = "<group>"; };
/* End PBXFileReference section */

/* Begin PBXFrameworksBuildPhase section */
		44E0589E2AC99863009C944F /* Frameworks */ = {
			isa = PBXFrameworksBuildPhase;
			buildActionMask = 2147483647;
			files = (
				44E058C42AC99EA8009C944F /* SnapKit in Frameworks */,
			);
			runOnlyForDeploymentPostprocessing = 0;
		};
/* End PBXFrameworksBuildPhase section */

/* Begin PBXGroup section */
		44E058982AC99863009C944F = {
			isa = PBXGroup;
			children = (
				44E058A32AC99863009C944F /* PokemonApp */,
				44E058A22AC99863009C944F /* Products */,
			);
			sourceTree = "<group>";
		};
		44E058A22AC99863009C944F /* Products */ = {
			isa = PBXGroup;
			children = (
				44E058A12AC99863009C944F /* PokemonApp.app */,
			);
			name = Products;
			sourceTree = "<group>";
		};
		44E058A32AC99863009C944F /* PokemonApp */ = {
			isa = PBXGroup;
			children = (
				44E058B82AC99C23009C944F /* SupportFiles */,
				44E058B92AC99C6B009C944F /* MainPokemonModul */,
				44E058BF2AC99D41009C944F /* DescriptionPokemonModul */,
				44E058C02AC99D93009C944F /* ServiceLayer */,
				44E058C12AC99DB9009C944F /* Extension */,
			);
			path = PokemonApp;
			sourceTree = "<group>";
		};
		44E058B82AC99C23009C944F /* SupportFiles */ = {
			isa = PBXGroup;
			children = (
				44E058A42AC99863009C944F /* AppDelegate.swift */,
				44E058A62AC99863009C944F /* SceneDelegate.swift */,
				44E058EC2ACBE51A009C944F /* AsselderModuleProtocol.swift */,
				44E058EE2ACBE5CC009C944F /* Router.swift */,
				44E058AD2AC99866009C944F /* Assets.xcassets */,
				44E058B22AC99866009C944F /* Info.plist */,
			);
			path = SupportFiles;
			sourceTree = "<group>";
		};
		44E058B92AC99C6B009C944F /* MainPokemonModul */ = {
			isa = PBXGroup;
			children = (
				44E058BC2AC99CC5009C944F /* Model */,
				44E058BB2AC99CBA009C944F /* View */,
				44E058BA2AC99C9E009C944F /* Presenter */,
			);
			path = MainPokemonModul;
			sourceTree = "<group>";
		};
		44E058BA2AC99C9E009C944F /* Presenter */ = {
			isa = PBXGroup;
			children = (
				44E058F52ACBEEF6009C944F /* MainPokemonPresenter.swift */,
			);
			path = Presenter;
			sourceTree = "<group>";
		};
		44E058BB2AC99CBA009C944F /* View */ = {
			isa = PBXGroup;
			children = (
				44E058A82AC99863009C944F /* PokemonViewController.swift */,
				44E058AF2AC99866009C944F /* LaunchScreen.storyboard */,
				44E058BD2AC99CF8009C944F /* Cell */,
			);
			path = View;
			sourceTree = "<group>";
		};
		44E058BC2AC99CC5009C944F /* Model */ = {
			isa = PBXGroup;
			children = (
				44E058F02ACBE6A2009C944F /* MainPokemonData.swift */,
			);
			path = Model;
			sourceTree = "<group>";
		};
		44E058BD2AC99CF8009C944F /* Cell */ = {
			isa = PBXGroup;
			children = (
				44E058C52AC9A18B009C944F /* PokemonCollectionViewCell.swift */,
			);
			path = Cell;
			sourceTree = "<group>";
		};
		44E058BF2AC99D41009C944F /* DescriptionPokemonModul */ = {
			isa = PBXGroup;
			children = (
				44E058F22ACBEC58009C944F /* Model */,
				44E058CA2ACA163C009C944F /* View */,
				44E058C92ACA162D009C944F /* Presenter */,
			);
			path = DescriptionPokemonModul;
			sourceTree = "<group>";
		};
		44E058C02AC99D93009C944F /* ServiceLayer */ = {
			isa = PBXGroup;
			children = (
				44E058F72ACBEF87009C944F /* NetworkService.swift */,
			);
			path = ServiceLayer;
			sourceTree = "<group>";
		};
		44E058C12AC99DB9009C944F /* Extension */ = {
			isa = PBXGroup;
			children = (
				44E058C72AC9A1D5009C944F /* PokemonViewController+Ext.swift */,
				44E058FB2ACBFADA009C944F /* PokemonDescriptionViewController+Ext.swift */,
				44B446E92ACDC0CF00CFE686 /* ImageView+Ext.swift */,
			);
			path = Extension;
			sourceTree = "<group>";
		};
		44E058C92ACA162D009C944F /* Presenter */ = {
			isa = PBXGroup;
			children = (
				44E058F92ACBF7AD009C944F /* DescriptionPokemonPresenter.swift */,
			);
			path = Presenter;
			sourceTree = "<group>";
		};
		44E058CA2ACA163C009C944F /* View */ = {
			isa = PBXGroup;
			children = (
				44E058CB2ACA1679009C944F /* PokemonDescriptionViewController.swift */,
			);
			path = View;
			sourceTree = "<group>";
		};
		44E058F22ACBEC58009C944F /* Model */ = {
			isa = PBXGroup;
			children = (
				44E058F32ACBEC76009C944F /* DescriptionPokemonData.swift */,
			);
			path = Model;
			sourceTree = "<group>";
		};
/* End PBXGroup section */

/* Begin PBXNativeTarget section */
		44E058A02AC99863009C944F /* PokemonApp */ = {
			isa = PBXNativeTarget;
			buildConfigurationList = 44E058B52AC99866009C944F /* Build configuration list for PBXNativeTarget "PokemonApp" */;
			buildPhases = (
				44E0589D2AC99863009C944F /* Sources */,
				44E0589E2AC99863009C944F /* Frameworks */,
				44E0589F2AC99863009C944F /* Resources */,
			);
			buildRules = (
			);
			dependencies = (
			);
			name = PokemonApp;
			packageProductDependencies = (
				44E058C32AC99EA8009C944F /* SnapKit */,
			);
			productName = PokemonApp;
			productReference = 44E058A12AC99863009C944F /* PokemonApp.app */;
			productType = "com.apple.product-type.application";
		};
/* End PBXNativeTarget section */

/* Begin PBXProject section */
		44E058992AC99863009C944F /* Project object */ = {
			isa = PBXProject;
			attributes = {
				BuildIndependentTargetsInParallel = 1;
				LastSwiftUpdateCheck = 1420;
				LastUpgradeCheck = 1420;
				TargetAttributes = {
					44E058A02AC99863009C944F = {
						CreatedOnToolsVersion = 14.2;
					};
				};
			};
			buildConfigurationList = 44E0589C2AC99863009C944F /* Build configuration list for PBXProject "PokemonApp" */;
			compatibilityVersion = "Xcode 14.0";
			developmentRegion = en;
			hasScannedForEncodings = 0;
			knownRegions = (
				en,
				Base,
			);
			mainGroup = 44E058982AC99863009C944F;
			packageReferences = (
				44E058C22AC99EA8009C944F /* XCRemoteSwiftPackageReference "SnapKit" */,
			);
			productRefGroup = 44E058A22AC99863009C944F /* Products */;
			projectDirPath = "";
			projectRoot = "";
			targets = (
				44E058A02AC99863009C944F /* PokemonApp */,
			);
		};
/* End PBXProject section */

/* Begin PBXResourcesBuildPhase section */
		44E0589F2AC99863009C944F /* Resources */ = {
			isa = PBXResourcesBuildPhase;
			buildActionMask = 2147483647;
			files = (
				44E058B12AC99866009C944F /* LaunchScreen.storyboard in Resources */,
				44E058AE2AC99866009C944F /* Assets.xcassets in Resources */,
			);
			runOnlyForDeploymentPostprocessing = 0;
		};
/* End PBXResourcesBuildPhase section */

/* Begin PBXSourcesBuildPhase section */
		44E0589D2AC99863009C944F /* Sources */ = {
			isa = PBXSourcesBuildPhase;
			buildActionMask = 2147483647;
			files = (
				44E058EF2ACBE5CC009C944F /* Router.swift in Sources */,
				44E058FC2ACBFADA009C944F /* PokemonDescriptionViewController+Ext.swift in Sources */,
				44E058A92AC99863009C944F /* PokemonViewController.swift in Sources */,
				44E058F62ACBEEF6009C944F /* MainPokemonPresenter.swift in Sources */,
				44E058ED2ACBE51A009C944F /* AsselderModuleProtocol.swift in Sources */,
				44E058A52AC99863009C944F /* AppDelegate.swift in Sources */,
				44E058F42ACBEC76009C944F /* DescriptionPokemonData.swift in Sources */,
				44E058C62AC9A18B009C944F /* PokemonCollectionViewCell.swift in Sources */,
				44E058FA2ACBF7AD009C944F /* DescriptionPokemonPresenter.swift in Sources */,
				44E058CC2ACA1679009C944F /* PokemonDescriptionViewController.swift in Sources */,
				44E058C82AC9A1D5009C944F /* PokemonViewController+Ext.swift in Sources */,
				44B446EA2ACDC0CF00CFE686 /* ImageView+Ext.swift in Sources */,
				44E058F12ACBE6A2009C944F /* MainPokemonData.swift in Sources */,
				44E058F82ACBEF87009C944F /* NetworkService.swift in Sources */,
				44E058A72AC99863009C944F /* SceneDelegate.swift in Sources */,
			);
			runOnlyForDeploymentPostprocessing = 0;
		};
/* End PBXSourcesBuildPhase section */

/* Begin PBXVariantGroup section */
		44E058AF2AC99866009C944F /* LaunchScreen.storyboard */ = {
			isa = PBXVariantGroup;
			children = (
				44E058B02AC99866009C944F /* Base */,
			);
			name = LaunchScreen.storyboard;
			sourceTree = "<group>";
		};
/* End PBXVariantGroup section */

/* Begin XCBuildConfiguration section */
		44E058B32AC99866009C944F /* Debug */ = {
			isa = XCBuildConfiguration;
			buildSettings = {
				ALWAYS_SEARCH_USER_PATHS = NO;
				CLANG_ANALYZER_NONNULL = YES;
				CLANG_ANALYZER_NUMBER_OBJECT_CONVERSION = YES_AGGRESSIVE;
				CLANG_CXX_LANGUAGE_STANDARD = "gnu++20";
				CLANG_ENABLE_MODULES = YES;
				CLANG_ENABLE_OBJC_ARC = YES;
				CLANG_ENABLE_OBJC_WEAK = YES;
				CLANG_WARN_BLOCK_CAPTURE_AUTORELEASING = YES;
				CLANG_WARN_BOOL_CONVERSION = YES;
				CLANG_WARN_COMMA = YES;
				CLANG_WARN_CONSTANT_CONVERSION = YES;
				CLANG_WARN_DEPRECATED_OBJC_IMPLEMENTATIONS = YES;
				CLANG_WARN_DIRECT_OBJC_ISA_USAGE = YES_ERROR;
				CLANG_WARN_DOCUMENTATION_COMMENTS = YES;
				CLANG_WARN_EMPTY_BODY = YES;
				CLANG_WARN_ENUM_CONVERSION = YES;
				CLANG_WARN_INFINITE_RECURSION = YES;
				CLANG_WARN_INT_CONVERSION = YES;
				CLANG_WARN_NON_LITERAL_NULL_CONVERSION = YES;
				CLANG_WARN_OBJC_IMPLICIT_RETAIN_SELF = YES;
				CLANG_WARN_OBJC_LITERAL_CONVERSION = YES;
				CLANG_WARN_OBJC_ROOT_CLASS = YES_ERROR;
				CLANG_WARN_QUOTED_INCLUDE_IN_FRAMEWORK_HEADER = YES;
				CLANG_WARN_RANGE_LOOP_ANALYSIS = YES;
				CLANG_WARN_STRICT_PROTOTYPES = YES;
				CLANG_WARN_SUSPICIOUS_MOVE = YES;
				CLANG_WARN_UNGUARDED_AVAILABILITY = YES_AGGRESSIVE;
				CLANG_WARN_UNREACHABLE_CODE = YES;
				CLANG_WARN__DUPLICATE_METHOD_MATCH = YES;
				COPY_PHASE_STRIP = NO;
				DEBUG_INFORMATION_FORMAT = dwarf;
				ENABLE_STRICT_OBJC_MSGSEND = YES;
				ENABLE_TESTABILITY = YES;
				GCC_C_LANGUAGE_STANDARD = gnu11;
				GCC_DYNAMIC_NO_PIC = NO;
				GCC_NO_COMMON_BLOCKS = YES;
				GCC_OPTIMIZATION_LEVEL = 0;
				GCC_PREPROCESSOR_DEFINITIONS = (
					"DEBUG=1",
					"$(inherited)",
				);
				GCC_WARN_64_TO_32_BIT_CONVERSION = YES;
				GCC_WARN_ABOUT_RETURN_TYPE = YES_ERROR;
				GCC_WARN_UNDECLARED_SELECTOR = YES;
				GCC_WARN_UNINITIALIZED_AUTOS = YES_AGGRESSIVE;
				GCC_WARN_UNUSED_FUNCTION = YES;
				GCC_WARN_UNUSED_VARIABLE = YES;
				IPHONEOS_DEPLOYMENT_TARGET = 16.2;
				MTL_ENABLE_DEBUG_INFO = INCLUDE_SOURCE;
				MTL_FAST_MATH = YES;
				ONLY_ACTIVE_ARCH = YES;
				SDKROOT = iphoneos;
				SWIFT_ACTIVE_COMPILATION_CONDITIONS = DEBUG;
				SWIFT_OPTIMIZATION_LEVEL = "-Onone";
			};
			name = Debug;
		};
		44E058B42AC99866009C944F /* Release */ = {
			isa = XCBuildConfiguration;
			buildSettings = {
				ALWAYS_SEARCH_USER_PATHS = NO;
				CLANG_ANALYZER_NONNULL = YES;
				CLANG_ANALYZER_NUMBER_OBJECT_CONVERSION = YES_AGGRESSIVE;
				CLANG_CXX_LANGUAGE_STANDARD = "gnu++20";
				CLANG_ENABLE_MODULES = YES;
				CLANG_ENABLE_OBJC_ARC = YES;
				CLANG_ENABLE_OBJC_WEAK = YES;
				CLANG_WARN_BLOCK_CAPTURE_AUTORELEASING = YES;
				CLANG_WARN_BOOL_CONVERSION = YES;
				CLANG_WARN_COMMA = YES;
				CLANG_WARN_CONSTANT_CONVERSION = YES;
				CLANG_WARN_DEPRECATED_OBJC_IMPLEMENTATIONS = YES;
				CLANG_WARN_DIRECT_OBJC_ISA_USAGE = YES_ERROR;
				CLANG_WARN_DOCUMENTATION_COMMENTS = YES;
				CLANG_WARN_EMPTY_BODY = YES;
				CLANG_WARN_ENUM_CONVERSION = YES;
				CLANG_WARN_INFINITE_RECURSION = YES;
				CLANG_WARN_INT_CONVERSION = YES;
				CLANG_WARN_NON_LITERAL_NULL_CONVERSION = YES;
				CLANG_WARN_OBJC_IMPLICIT_RETAIN_SELF = YES;
				CLANG_WARN_OBJC_LITERAL_CONVERSION = YES;
				CLANG_WARN_OBJC_ROOT_CLASS = YES_ERROR;
				CLANG_WARN_QUOTED_INCLUDE_IN_FRAMEWORK_HEADER = YES;
				CLANG_WARN_RANGE_LOOP_ANALYSIS = YES;
				CLANG_WARN_STRICT_PROTOTYPES = YES;
				CLANG_WARN_SUSPICIOUS_MOVE = YES;
				CLANG_WARN_UNGUARDED_AVAILABILITY = YES_AGGRESSIVE;
				CLANG_WARN_UNREACHABLE_CODE = YES;
				CLANG_WARN__DUPLICATE_METHOD_MATCH = YES;
				COPY_PHASE_STRIP = NO;
				DEBUG_INFORMATION_FORMAT = "dwarf-with-dsym";
				ENABLE_NS_ASSERTIONS = NO;
				ENABLE_STRICT_OBJC_MSGSEND = YES;
				GCC_C_LANGUAGE_STANDARD = gnu11;
				GCC_NO_COMMON_BLOCKS = YES;
				GCC_WARN_64_TO_32_BIT_CONVERSION = YES;
				GCC_WARN_ABOUT_RETURN_TYPE = YES_ERROR;
				GCC_WARN_UNDECLARED_SELECTOR = YES;
				GCC_WARN_UNINITIALIZED_AUTOS = YES_AGGRESSIVE;
				GCC_WARN_UNUSED_FUNCTION = YES;
				GCC_WARN_UNUSED_VARIABLE = YES;
				IPHONEOS_DEPLOYMENT_TARGET = 16.2;
				MTL_ENABLE_DEBUG_INFO = NO;
				MTL_FAST_MATH = YES;
				SDKROOT = iphoneos;
				SWIFT_COMPILATION_MODE = wholemodule;
				SWIFT_OPTIMIZATION_LEVEL = "-O";
				VALIDATE_PRODUCT = YES;
			};
			name = Release;
		};
		44E058B62AC99866009C944F /* Debug */ = {
			isa = XCBuildConfiguration;
			buildSettings = {
				ASSETCATALOG_COMPILER_APPICON_NAME = AppIcon;
				ASSETCATALOG_COMPILER_GLOBAL_ACCENT_COLOR_NAME = AccentColor;
				CODE_SIGN_STYLE = Automatic;
				CURRENT_PROJECT_VERSION = 1;
				DEVELOPMENT_TEAM = 84N4PJWN7L;
				GENERATE_INFOPLIST_FILE = YES;
				INFOPLIST_FILE = PokemonApp/SupportFiles/Info.plist;
				INFOPLIST_KEY_UIApplicationSupportsIndirectInputEvents = YES;
				INFOPLIST_KEY_UILaunchStoryboardName = LaunchScreen;
				INFOPLIST_KEY_UISupportedInterfaceOrientations_iPad = "UIInterfaceOrientationPortrait UIInterfaceOrientationPortraitUpsideDown UIInterfaceOrientationLandscapeLeft UIInterfaceOrientationLandscapeRight";
				INFOPLIST_KEY_UISupportedInterfaceOrientations_iPhone = "UIInterfaceOrientationPortrait UIInterfaceOrientationLandscapeLeft UIInterfaceOrientationLandscapeRight";
				LD_RUNPATH_SEARCH_PATHS = (
					"$(inherited)",
					"@executable_path/Frameworks",
				);
				MARKETING_VERSION = 1.0;
				PRODUCT_BUNDLE_IDENTIFIER = "Nikita-Kogolenok.PokemonApp";
				PRODUCT_NAME = "$(TARGET_NAME)";
				SWIFT_EMIT_LOC_STRINGS = YES;
				SWIFT_VERSION = 5.0;
				TARGETED_DEVICE_FAMILY = "1,2";
			};
			name = Debug;
		};
		44E058B72AC99866009C944F /* Release */ = {
			isa = XCBuildConfiguration;
			buildSettings = {
				ASSETCATALOG_COMPILER_APPICON_NAME = AppIcon;
				ASSETCATALOG_COMPILER_GLOBAL_ACCENT_COLOR_NAME = AccentColor;
				CODE_SIGN_STYLE = Automatic;
				CURRENT_PROJECT_VERSION = 1;
				DEVELOPMENT_TEAM = 84N4PJWN7L;
				GENERATE_INFOPLIST_FILE = YES;
				INFOPLIST_FILE = PokemonApp/SupportFiles/Info.plist;
				INFOPLIST_KEY_UIApplicationSupportsIndirectInputEvents = YES;
				INFOPLIST_KEY_UILaunchStoryboardName = LaunchScreen;
				INFOPLIST_KEY_UISupportedInterfaceOrientations_iPad = "UIInterfaceOrientationPortrait UIInterfaceOrientationPortraitUpsideDown UIInterfaceOrientationLandscapeLeft UIInterfaceOrientationLandscapeRight";
				INFOPLIST_KEY_UISupportedInterfaceOrientations_iPhone = "UIInterfaceOrientationPortrait UIInterfaceOrientationLandscapeLeft UIInterfaceOrientationLandscapeRight";
				LD_RUNPATH_SEARCH_PATHS = (
					"$(inherited)",
					"@executable_path/Frameworks",
				);
				MARKETING_VERSION = 1.0;
				PRODUCT_BUNDLE_IDENTIFIER = "Nikita-Kogolenok.PokemonApp";
				PRODUCT_NAME = "$(TARGET_NAME)";
				SWIFT_EMIT_LOC_STRINGS = YES;
				SWIFT_VERSION = 5.0;
				TARGETED_DEVICE_FAMILY = "1,2";
			};
			name = Release;
		};
/* End XCBuildConfiguration section */

/* Begin XCConfigurationList section */
		44E0589C2AC99863009C944F /* Build configuration list for PBXProject "PokemonApp" */ = {
			isa = XCConfigurationList;
			buildConfigurations = (
				44E058B32AC99866009C944F /* Debug */,
				44E058B42AC99866009C944F /* Release */,
			);
			defaultConfigurationIsVisible = 0;
			defaultConfigurationName = Release;
		};
		44E058B52AC99866009C944F /* Build configuration list for PBXNativeTarget "PokemonApp" */ = {
			isa = XCConfigurationList;
			buildConfigurations = (
				44E058B62AC99866009C944F /* Debug */,
				44E058B72AC99866009C944F /* Release */,
			);
			defaultConfigurationIsVisible = 0;
			defaultConfigurationName = Release;
		};
/* End XCConfigurationList section */

/* Begin XCRemoteSwiftPackageReference section */
		44E058C22AC99EA8009C944F /* XCRemoteSwiftPackageReference "SnapKit" */ = {
			isa = XCRemoteSwiftPackageReference;
			repositoryURL = "https://github.com/SnapKit/SnapKit.git";
			requirement = {
				branch = develop;
				kind = branch;
			};
		};
/* End XCRemoteSwiftPackageReference section */

/* Begin XCSwiftPackageProductDependency section */
		44E058C32AC99EA8009C944F /* SnapKit */ = {
			isa = XCSwiftPackageProductDependency;
			package = 44E058C22AC99EA8009C944F /* XCRemoteSwiftPackageReference "SnapKit" */;
			productName = SnapKit;
		};
/* End XCSwiftPackageProductDependency section */
	};
	rootObject = 44E058992AC99863009C944F /* Project object */;
}
